
Microsoft Visual Studio Solution File, Format Version 12.00
# Visual Studio Version 16
VisualStudioVersion = 16.0.31911.196
MinimumVisualStudioVersion = 10.0.40219.1
Project("{8BC9CEB8-8B4A-11D0-8D11-00A0C91BC942}") = "Queue", "Queue\Queue.vcxproj", "{0F4F8862-41DA-4F42-9616-EDA8238FF6B7}"
EndProject
Project("{8BC9CEB8-8B4A-11D0-8D11-00A0C91BC942}") = "BinarySearch-1", "BinarySearch\BinarySearch.vcxproj", "{C3B24E44-2CA5-437E-9D08-A9612E3EC2EF}"
EndProject
Project("{8BC9CEB8-8B4A-11D0-8D11-00A0C91BC942}") = "BinarySearch-2", "BinarySearch-2\BinarySearch-2.vcxproj", "{50EA4F46-0D6B-48F7-B87F-50201098894D}"
EndProject
Project("{8BC9CEB8-8B4A-11D0-8D11-00A0C91BC942}") = "sort", "sort\sort.vcxproj", "{A7B79513-CCAB-48EB-ABAE-C15BAD159534}"
EndProject
Project("{8BC9CEB8-8B4A-11D0-8D11-00A0C91BC942}") = "Quadtree", "Quadtree\Quadtree.vcxproj", "{53DAE8A8-8F4A-4401-A940-A805F5939BC0}"
EndProject
Project("{8BC9CEB8-8B4A-11D0-8D11-00A0C91BC942}") = "iterator", "iterator\iterator.vcxproj", "{3A469B08-DA39-496B-B6C7-8DE900A488D8}"
EndProject
Project("{8BC9CEB8-8B4A-11D0-8D11-00A0C91BC942}") = "Window_0", "Window_0\Window_0.vcxproj", "{411953C1-C08D-47CC-B130-3C7F0D96F021}"
EndProject
Project("{2150E333-8FDC-42A3-9474-1A3956D46DE8}") = "2. DataStructure", "2. DataStructure", "{CF597A07-4F99-47CF-9366-7D7DEFA47D9D}"
EndProject
Project("{2150E333-8FDC-42A3-9474-1A3956D46DE8}") = "VertexBuffer", "VertexBuffer", "{429838FC-A17D-4F4B-98FA-A266C5B54989}"
EndProject
Project("{2150E333-8FDC-42A3-9474-1A3956D46DE8}") = "윈도우 생성", "윈도우 생성", "{1146B971-21B6-49CD-B5FB-81EB80C0110F}"
EndProject
Project("{8BC9CEB8-8B4A-11D0-8D11-00A0C91BC942}") = "Window_1", "Window_1\Window_1.vcxproj", "{6BB3B2EF-5189-420D-A68E-455198931FA5}"
EndProject
Project("{8BC9CEB8-8B4A-11D0-8D11-00A0C91BC942}") = "CreateDevice_0", "CreateDevice_0\CreateDevice_0.vcxproj", "{CCE9AE34-7A42-41F2-A8FF-392E5A94243D}"
EndProject
Project("{8BC9CEB8-8B4A-11D0-8D11-00A0C91BC942}") = "CreateVertexBuffer", "CreateVertexBuffer\CreateVertexBuffer.vcxproj", "{E922DA4B-B1FE-4A2C-8AB1-A95EB694CBEF}"
EndProject
Project("{2150E333-8FDC-42A3-9474-1A3956D46DE8}") = "1) Server", "1) Server", "{F03FE2FA-F4A5-47B4-9EA9-0168DC25225A}"
EndProject
Project("{2150E333-8FDC-42A3-9474-1A3956D46DE8}") = "echo", "echo", "{E30C822E-0477-421A-AB58-3373FD5E9B7E}"
EndProject
Project("{2150E333-8FDC-42A3-9474-1A3956D46DE8}") = "Chatting", "Chatting", "{92D66024-B967-44D3-B7DE-2E757B279DCD}"
EndProject
Project("{8BC9CEB8-8B4A-11D0-8D11-00A0C91BC942}") = "Chat_server", "Chat_server\Chat_server.vcxproj", "{B9550BFB-EB01-4C64-97BE-0260A2D762AA}"
EndProject
Project("{8BC9CEB8-8B4A-11D0-8D11-00A0C91BC942}") = "Chat_client", "Chat_client\Chat_client.vcxproj", "{CDD6DF5E-E62E-4FC6-BD5C-D855D06AB27C}"
EndProject
Project("{2150E333-8FDC-42A3-9474-1A3956D46DE8}") = "Packet", "Packet", "{D7071B75-F1FF-4396-9BD7-9F76648B6210}"
EndProject
Project("{8BC9CEB8-8B4A-11D0-8D11-00A0C91BC942}") = "Packet_server", "Packet_server\Packet_server.vcxproj", "{A01340E0-A94F-4AFD-98A2-EC6C6F59C088}"
EndProject
Project("{8BC9CEB8-8B4A-11D0-8D11-00A0C91BC942}") = "Packet_client", "Packet_client\Packet_client.vcxproj", "{68D0BD3C-80CA-4FD0-8EC4-76A7EE1BDBB4}"
EndProject
Project("{8BC9CEB8-8B4A-11D0-8D11-00A0C91BC942}") = "Treadchatting_client", "Treadchatting_client\Treadchatting_client.vcxproj", "{D566057D-6DE2-49A5-8D97-527A9D2809C0}"
EndProject
Project("{8BC9CEB8-8B4A-11D0-8D11-00A0C91BC942}") = "Treadchatting_server", "Treadchatting_server\Treadchatting_server.vcxproj", "{9D3137B6-8CA8-42D2-B8B5-0BCBD0E5DDEF}"
EndProject
Project("{2150E333-8FDC-42A3-9474-1A3956D46DE8}") = "Thread", "Thread", "{A2E40860-825C-48AC-A173-F10B3B71D4C3}"
EndProject
Project("{8BC9CEB8-8B4A-11D0-8D11-00A0C91BC942}") = "Select_server", "Select_server\Select_server.vcxproj", "{0EF2E043-779A-4FF9-B2C0-CFD5FE2CAA32}"
EndProject
Project("{2150E333-8FDC-42A3-9474-1A3956D46DE8}") = "Select", "Select", "{351D9EA6-3D46-4186-A470-E34E10D50103}"
EndProject
Project("{8BC9CEB8-8B4A-11D0-8D11-00A0C91BC942}") = "Select_client", "Select_client\Select_client.vcxproj", "{A979B04B-A7BD-4578-813C-C0F99751F720}"
EndProject
Project("{2150E333-8FDC-42A3-9474-1A3956D46DE8}") = "lib", "lib", "{AC32B0FB-81EF-44E8-9E8F-5A0D4B61C31C}"
EndProject
Project("{2150E333-8FDC-42A3-9474-1A3956D46DE8}") = "test", "test", "{F1D86DD9-F0AC-48A5-B022-FF8398FDAD8A}"
EndProject
Project("{8BC9CEB8-8B4A-11D0-8D11-00A0C91BC942}") = "AsyncIO", "AsyncIO\AsyncIO.vcxproj", "{565CA7B8-D24E-43B7-8393-76DA39DEF139}"
EndProject
Project("{8BC9CEB8-8B4A-11D0-8D11-00A0C91BC942}") = "AsyncIOBlock", "AsyncIOBlock\AsyncIOBlock.vcxproj", "{20FB3B8C-3194-4C58-B9D2-216B984F9698}"
EndProject
Project("{2150E333-8FDC-42A3-9474-1A3956D46DE8}") = "2) AsyncIO", "2) AsyncIO", "{D7BACF3A-F921-4C4A-B841-BED2E8E9B30E}"
EndProject
Project("{8BC9CEB8-8B4A-11D0-8D11-00A0C91BC942}") = "IOCP", "IOCP\IOCP.vcxproj", "{B511B5FD-A6DA-4DE8-8BCC-7D423BD8626E}"
EndProject
Project("{2150E333-8FDC-42A3-9474-1A3956D46DE8}") = "4. ODBC", "4. ODBC", "{417B1794-0CBC-4AC3-910F-1C92630EFF34}"
EndProject
Project("{2150E333-8FDC-42A3-9474-1A3956D46DE8}") = "0. LIB", "0. LIB", "{CCDE7EFD-85E0-4B5A-85D7-EF59DD0CFC05}"
EndProject
Project("{2150E333-8FDC-42A3-9474-1A3956D46DE8}") = "3. Server", "3. Server", "{2EEE9DFC-FCD9-498F-B5AD-9A318408542E}"
EndProject
Project("{8BC9CEB8-8B4A-11D0-8D11-00A0C91BC942}") = "ODBC_0", "ODBC_0\ODBC_0.vcxproj", "{F3C4DF21-E8C1-46FD-A0E7-3575ABEDFA56}"
EndProject
Project("{8BC9CEB8-8B4A-11D0-8D11-00A0C91BC942}") = "ODBC_1", "ODBC_1\ODBC_1.vcxproj", "{8F994AC3-129D-43C9-BA1C-E97EAD742EBF}"
EndProject
Project("{8BC9CEB8-8B4A-11D0-8D11-00A0C91BC942}") = "SampleProcedure_0", "SampleProcedure_0\SampleProcedure_0.vcxproj", "{BED5FFD7-F682-4D93-8716-43EF1BE871EE}"
EndProject
Project("{8BC9CEB8-8B4A-11D0-8D11-00A0C91BC942}") = "Procedure_1", "Procedure_1\Procedure_1.vcxproj", "{7890B80E-44F4-471E-97F0-3471489638B3}"
EndProject
Project("{2150E333-8FDC-42A3-9474-1A3956D46DE8}") = "5. 2D", "5. 2D", "{E8187F9D-ADD9-41D3-BADA-EA90D557993E}"
EndProject
Project("{8BC9CEB8-8B4A-11D0-8D11-00A0C91BC942}") = "CoreClient_1", "CoreClient_1\CoreClient_1.vcxproj", "{AC676261-0311-476F-854A-8FB0C2A93222}"
EndProject
Project("{8BC9CEB8-8B4A-11D0-8D11-00A0C91BC942}") = "CoreNet", "CoreNet\CoreNet.vcxproj", "{89662571-438A-489C-9630-0B2C1FC2323F}"
EndProject
Project("{8BC9CEB8-8B4A-11D0-8D11-00A0C91BC942}") = "SampleWin", "SampleWin\SampleWin.vcxproj", "{AF3241E1-23F9-4FC2-AEE2-E642A72AA196}"
EndProject
Project("{2150E333-8FDC-42A3-9474-1A3956D46DE8}") = "자료구조, 알고리즘", "자료구조, 알고리즘", "{40A2331B-EDC1-464B-AF48-CF0EC6B32A85}"
EndProject
Project("{8BC9CEB8-8B4A-11D0-8D11-00A0C91BC942}") = "Socket_Server", "Socket_Server\Socket_Server.vcxproj", "{E9B3B527-5CEE-4F49-9C28-FD71613C4BB0}"
EndProject
Project("{8BC9CEB8-8B4A-11D0-8D11-00A0C91BC942}") = "Socket_Client", "Socket_Client\Socket_Client.vcxproj", "{4A672AEF-A9E7-4494-9989-7C8ECC478084}"
EndProject
Project("{8BC9CEB8-8B4A-11D0-8D11-00A0C91BC942}") = "Octree", "Octree\Octree.vcxproj", "{F89C5B2C-F47C-41B0-B314-D4D5275DA717}"
EndProject
Project("{2150E333-8FDC-42A3-9474-1A3956D46DE8}") = "6. 3D", "6. 3D", "{8BCD2791-7951-485E-8506-95EEC8D62C37}"
EndProject
Project("{2150E333-8FDC-42A3-9474-1A3956D46DE8}") = "모작", "모작", "{7DC92428-15F2-42C5-A86A-869AE7DEDBF1}"
EndProject
Project("{8BC9CEB8-8B4A-11D0-8D11-00A0C91BC942}") = "Skul", "Skul\Skul.vcxproj", "{0A4049FC-7CD1-45BF-BC9C-027B0D4D03F5}"
EndProject
Project("{8BC9CEB8-8B4A-11D0-8D11-00A0C91BC942}") = "Sample3D-0", "Sample3D - 0\Sample3D - 0.vcxproj", "{C65D0334-AE07-486B-B888-552855B14615}"
EndProject
Project("{8BC9CEB8-8B4A-11D0-8D11-00A0C91BC942}") = "Core2D", "Core2D\Core2D.vcxproj", "{EF2CF329-8B54-43D3-93BA-DB936019DEEE}"
EndProject
Project("{8BC9CEB8-8B4A-11D0-8D11-00A0C91BC942}") = "Core3D", "Core3D\Core3D.vcxproj", "{98617CA6-FE41-4536-94F6-159046E15AD9}"
EndProject
Project("{8BC9CEB8-8B4A-11D0-8D11-00A0C91BC942}") = "Sample3D-3 (공간분할)", "Sample3D-3\Sample3D-3.vcxproj", "{79856596-F8A4-4DC6-9DED-E2B997BA95C0}"
EndProject
Project("{8BC9CEB8-8B4A-11D0-8D11-00A0C91BC942}") = "Sample3D-2 (카메라 프로스텀)", "Sample3D-2\Sample3D-2.vcxproj", "{93195BAC-00A3-49B3-A979-74F124D4C6A0}"
EndProject
Project("{8BC9CEB8-8B4A-11D0-8D11-00A0C91BC942}") = "Sample3D-4 (LOD)", "Sample3D-4\Sample3D-4.vcxproj", "{9AF6BEC7-D3AE-4CED-B301-A3FBD819F7F2}"
EndProject
Project("{8BC9CEB8-8B4A-11D0-8D11-00A0C91BC942}") = "Sample3D-FBX Loader", "Sample3D-FBX Loader\Sample3D-FBX Loader.vcxproj", "{4F3D4EBC-8636-4552-8A43-3A8405AF1C97}"
EndProject
Project("{8BC9CEB8-8B4A-11D0-8D11-00A0C91BC942}") = "Sample3D-NormalMap", "Sample3D-NormalMap\Sample3D-NormalMap.vcxproj", "{8A4A5BBC-93C6-4815-A40C-ACA222FB7F78}"
EndProject
Global
	GlobalSection(SolutionConfigurationPlatforms) = preSolution
		Debug|x64 = Debug|x64
		Debug|x86 = Debug|x86
		Release|x64 = Release|x64
		Release|x86 = Release|x86
	EndGlobalSection
	GlobalSection(ProjectConfigurationPlatforms) = postSolution
		{0F4F8862-41DA-4F42-9616-EDA8238FF6B7}.Debug|x64.ActiveCfg = Debug|x64
		{0F4F8862-41DA-4F42-9616-EDA8238FF6B7}.Debug|x64.Build.0 = Debug|x64
		{0F4F8862-41DA-4F42-9616-EDA8238FF6B7}.Debug|x86.ActiveCfg = Debug|Win32
		{0F4F8862-41DA-4F42-9616-EDA8238FF6B7}.Debug|x86.Build.0 = Debug|Win32
		{0F4F8862-41DA-4F42-9616-EDA8238FF6B7}.Release|x64.ActiveCfg = Release|x64
		{0F4F8862-41DA-4F42-9616-EDA8238FF6B7}.Release|x64.Build.0 = Release|x64
		{0F4F8862-41DA-4F42-9616-EDA8238FF6B7}.Release|x86.ActiveCfg = Release|Win32
		{0F4F8862-41DA-4F42-9616-EDA8238FF6B7}.Release|x86.Build.0 = Release|Win32
		{C3B24E44-2CA5-437E-9D08-A9612E3EC2EF}.Debug|x64.ActiveCfg = Debug|x64
		{C3B24E44-2CA5-437E-9D08-A9612E3EC2EF}.Debug|x64.Build.0 = Debug|x64
		{C3B24E44-2CA5-437E-9D08-A9612E3EC2EF}.Debug|x86.ActiveCfg = Debug|Win32
		{C3B24E44-2CA5-437E-9D08-A9612E3EC2EF}.Debug|x86.Build.0 = Debug|Win32
		{C3B24E44-2CA5-437E-9D08-A9612E3EC2EF}.Release|x64.ActiveCfg = Release|x64
		{C3B24E44-2CA5-437E-9D08-A9612E3EC2EF}.Release|x64.Build.0 = Release|x64
		{C3B24E44-2CA5-437E-9D08-A9612E3EC2EF}.Release|x86.ActiveCfg = Release|Win32
		{C3B24E44-2CA5-437E-9D08-A9612E3EC2EF}.Release|x86.Build.0 = Release|Win32
		{50EA4F46-0D6B-48F7-B87F-50201098894D}.Debug|x64.ActiveCfg = Debug|x64
		{50EA4F46-0D6B-48F7-B87F-50201098894D}.Debug|x64.Build.0 = Debug|x64
		{50EA4F46-0D6B-48F7-B87F-50201098894D}.Debug|x86.ActiveCfg = Debug|Win32
		{50EA4F46-0D6B-48F7-B87F-50201098894D}.Debug|x86.Build.0 = Debug|Win32
		{50EA4F46-0D6B-48F7-B87F-50201098894D}.Release|x64.ActiveCfg = Release|x64
		{50EA4F46-0D6B-48F7-B87F-50201098894D}.Release|x64.Build.0 = Release|x64
		{50EA4F46-0D6B-48F7-B87F-50201098894D}.Release|x86.ActiveCfg = Release|Win32
		{50EA4F46-0D6B-48F7-B87F-50201098894D}.Release|x86.Build.0 = Release|Win32
		{A7B79513-CCAB-48EB-ABAE-C15BAD159534}.Debug|x64.ActiveCfg = Debug|x64
		{A7B79513-CCAB-48EB-ABAE-C15BAD159534}.Debug|x64.Build.0 = Debug|x64
		{A7B79513-CCAB-48EB-ABAE-C15BAD159534}.Debug|x86.ActiveCfg = Debug|Win32
		{A7B79513-CCAB-48EB-ABAE-C15BAD159534}.Debug|x86.Build.0 = Debug|Win32
		{A7B79513-CCAB-48EB-ABAE-C15BAD159534}.Release|x64.ActiveCfg = Release|x64
		{A7B79513-CCAB-48EB-ABAE-C15BAD159534}.Release|x64.Build.0 = Release|x64
		{A7B79513-CCAB-48EB-ABAE-C15BAD159534}.Release|x86.ActiveCfg = Release|Win32
		{A7B79513-CCAB-48EB-ABAE-C15BAD159534}.Release|x86.Build.0 = Release|Win32
		{53DAE8A8-8F4A-4401-A940-A805F5939BC0}.Debug|x64.ActiveCfg = Debug|x64
		{53DAE8A8-8F4A-4401-A940-A805F5939BC0}.Debug|x64.Build.0 = Debug|x64
		{53DAE8A8-8F4A-4401-A940-A805F5939BC0}.Debug|x86.ActiveCfg = Debug|Win32
		{53DAE8A8-8F4A-4401-A940-A805F5939BC0}.Debug|x86.Build.0 = Debug|Win32
		{53DAE8A8-8F4A-4401-A940-A805F5939BC0}.Release|x64.ActiveCfg = Release|x64
		{53DAE8A8-8F4A-4401-A940-A805F5939BC0}.Release|x64.Build.0 = Release|x64
		{53DAE8A8-8F4A-4401-A940-A805F5939BC0}.Release|x86.ActiveCfg = Release|Win32
		{53DAE8A8-8F4A-4401-A940-A805F5939BC0}.Release|x86.Build.0 = Release|Win32
		{3A469B08-DA39-496B-B6C7-8DE900A488D8}.Debug|x64.ActiveCfg = Debug|x64
		{3A469B08-DA39-496B-B6C7-8DE900A488D8}.Debug|x64.Build.0 = Debug|x64
		{3A469B08-DA39-496B-B6C7-8DE900A488D8}.Debug|x86.ActiveCfg = Debug|Win32
		{3A469B08-DA39-496B-B6C7-8DE900A488D8}.Debug|x86.Build.0 = Debug|Win32
		{3A469B08-DA39-496B-B6C7-8DE900A488D8}.Release|x64.ActiveCfg = Release|x64
		{3A469B08-DA39-496B-B6C7-8DE900A488D8}.Release|x64.Build.0 = Release|x64
		{3A469B08-DA39-496B-B6C7-8DE900A488D8}.Release|x86.ActiveCfg = Release|Win32
		{3A469B08-DA39-496B-B6C7-8DE900A488D8}.Release|x86.Build.0 = Release|Win32
		{411953C1-C08D-47CC-B130-3C7F0D96F021}.Debug|x64.ActiveCfg = Debug|x64
		{411953C1-C08D-47CC-B130-3C7F0D96F021}.Debug|x64.Build.0 = Debug|x64
		{411953C1-C08D-47CC-B130-3C7F0D96F021}.Debug|x86.ActiveCfg = Debug|Win32
		{411953C1-C08D-47CC-B130-3C7F0D96F021}.Debug|x86.Build.0 = Debug|Win32
		{411953C1-C08D-47CC-B130-3C7F0D96F021}.Release|x64.ActiveCfg = Release|x64
		{411953C1-C08D-47CC-B130-3C7F0D96F021}.Release|x64.Build.0 = Release|x64
		{411953C1-C08D-47CC-B130-3C7F0D96F021}.Release|x86.ActiveCfg = Release|Win32
		{411953C1-C08D-47CC-B130-3C7F0D96F021}.Release|x86.Build.0 = Release|Win32
		{6BB3B2EF-5189-420D-A68E-455198931FA5}.Debug|x64.ActiveCfg = Debug|x64
		{6BB3B2EF-5189-420D-A68E-455198931FA5}.Debug|x64.Build.0 = Debug|x64
		{6BB3B2EF-5189-420D-A68E-455198931FA5}.Debug|x86.ActiveCfg = Debug|Win32
		{6BB3B2EF-5189-420D-A68E-455198931FA5}.Debug|x86.Build.0 = Debug|Win32
		{6BB3B2EF-5189-420D-A68E-455198931FA5}.Release|x64.ActiveCfg = Release|x64
		{6BB3B2EF-5189-420D-A68E-455198931FA5}.Release|x64.Build.0 = Release|x64
		{6BB3B2EF-5189-420D-A68E-455198931FA5}.Release|x86.ActiveCfg = Release|Win32
		{6BB3B2EF-5189-420D-A68E-455198931FA5}.Release|x86.Build.0 = Release|Win32
		{CCE9AE34-7A42-41F2-A8FF-392E5A94243D}.Debug|x64.ActiveCfg = Debug|x64
		{CCE9AE34-7A42-41F2-A8FF-392E5A94243D}.Debug|x64.Build.0 = Debug|x64
		{CCE9AE34-7A42-41F2-A8FF-392E5A94243D}.Debug|x86.ActiveCfg = Debug|Win32
		{CCE9AE34-7A42-41F2-A8FF-392E5A94243D}.Debug|x86.Build.0 = Debug|Win32
		{CCE9AE34-7A42-41F2-A8FF-392E5A94243D}.Release|x64.ActiveCfg = Release|x64
		{CCE9AE34-7A42-41F2-A8FF-392E5A94243D}.Release|x64.Build.0 = Release|x64
		{CCE9AE34-7A42-41F2-A8FF-392E5A94243D}.Release|x86.ActiveCfg = Release|Win32
		{CCE9AE34-7A42-41F2-A8FF-392E5A94243D}.Release|x86.Build.0 = Release|Win32
		{E922DA4B-B1FE-4A2C-8AB1-A95EB694CBEF}.Debug|x64.ActiveCfg = Debug|x64
		{E922DA4B-B1FE-4A2C-8AB1-A95EB694CBEF}.Debug|x64.Build.0 = Debug|x64
		{E922DA4B-B1FE-4A2C-8AB1-A95EB694CBEF}.Debug|x86.ActiveCfg = Debug|Win32
		{E922DA4B-B1FE-4A2C-8AB1-A95EB694CBEF}.Debug|x86.Build.0 = Debug|Win32
		{E922DA4B-B1FE-4A2C-8AB1-A95EB694CBEF}.Release|x64.ActiveCfg = Release|x64
		{E922DA4B-B1FE-4A2C-8AB1-A95EB694CBEF}.Release|x64.Build.0 = Release|x64
		{E922DA4B-B1FE-4A2C-8AB1-A95EB694CBEF}.Release|x86.ActiveCfg = Release|Win32
		{E922DA4B-B1FE-4A2C-8AB1-A95EB694CBEF}.Release|x86.Build.0 = Release|Win32
		{B9550BFB-EB01-4C64-97BE-0260A2D762AA}.Debug|x64.ActiveCfg = Debug|x64
		{B9550BFB-EB01-4C64-97BE-0260A2D762AA}.Debug|x64.Build.0 = Debug|x64
		{B9550BFB-EB01-4C64-97BE-0260A2D762AA}.Debug|x86.ActiveCfg = Debug|Win32
		{B9550BFB-EB01-4C64-97BE-0260A2D762AA}.Debug|x86.Build.0 = Debug|Win32
		{B9550BFB-EB01-4C64-97BE-0260A2D762AA}.Release|x64.ActiveCfg = Release|x64
		{B9550BFB-EB01-4C64-97BE-0260A2D762AA}.Release|x64.Build.0 = Release|x64
		{B9550BFB-EB01-4C64-97BE-0260A2D762AA}.Release|x86.ActiveCfg = Release|Win32
		{B9550BFB-EB01-4C64-97BE-0260A2D762AA}.Release|x86.Build.0 = Release|Win32
		{CDD6DF5E-E62E-4FC6-BD5C-D855D06AB27C}.Debug|x64.ActiveCfg = Debug|x64
		{CDD6DF5E-E62E-4FC6-BD5C-D855D06AB27C}.Debug|x64.Build.0 = Debug|x64
		{CDD6DF5E-E62E-4FC6-BD5C-D855D06AB27C}.Debug|x86.ActiveCfg = Debug|Win32
		{CDD6DF5E-E62E-4FC6-BD5C-D855D06AB27C}.Debug|x86.Build.0 = Debug|Win32
		{CDD6DF5E-E62E-4FC6-BD5C-D855D06AB27C}.Release|x64.ActiveCfg = Release|x64
		{CDD6DF5E-E62E-4FC6-BD5C-D855D06AB27C}.Release|x64.Build.0 = Release|x64
		{CDD6DF5E-E62E-4FC6-BD5C-D855D06AB27C}.Release|x86.ActiveCfg = Release|Win32
		{CDD6DF5E-E62E-4FC6-BD5C-D855D06AB27C}.Release|x86.Build.0 = Release|Win32
		{A01340E0-A94F-4AFD-98A2-EC6C6F59C088}.Debug|x64.ActiveCfg = Debug|x64
		{A01340E0-A94F-4AFD-98A2-EC6C6F59C088}.Debug|x64.Build.0 = Debug|x64
		{A01340E0-A94F-4AFD-98A2-EC6C6F59C088}.Debug|x86.ActiveCfg = Debug|Win32
		{A01340E0-A94F-4AFD-98A2-EC6C6F59C088}.Debug|x86.Build.0 = Debug|Win32
		{A01340E0-A94F-4AFD-98A2-EC6C6F59C088}.Release|x64.ActiveCfg = Release|x64
		{A01340E0-A94F-4AFD-98A2-EC6C6F59C088}.Release|x64.Build.0 = Release|x64
		{A01340E0-A94F-4AFD-98A2-EC6C6F59C088}.Release|x86.ActiveCfg = Release|Win32
		{A01340E0-A94F-4AFD-98A2-EC6C6F59C088}.Release|x86.Build.0 = Release|Win32
		{68D0BD3C-80CA-4FD0-8EC4-76A7EE1BDBB4}.Debug|x64.ActiveCfg = Debug|x64
		{68D0BD3C-80CA-4FD0-8EC4-76A7EE1BDBB4}.Debug|x64.Build.0 = Debug|x64
		{68D0BD3C-80CA-4FD0-8EC4-76A7EE1BDBB4}.Debug|x86.ActiveCfg = Debug|Win32
		{68D0BD3C-80CA-4FD0-8EC4-76A7EE1BDBB4}.Debug|x86.Build.0 = Debug|Win32
		{68D0BD3C-80CA-4FD0-8EC4-76A7EE1BDBB4}.Release|x64.ActiveCfg = Release|x64
		{68D0BD3C-80CA-4FD0-8EC4-76A7EE1BDBB4}.Release|x64.Build.0 = Release|x64
		{68D0BD3C-80CA-4FD0-8EC4-76A7EE1BDBB4}.Release|x86.ActiveCfg = Release|Win32
		{68D0BD3C-80CA-4FD0-8EC4-76A7EE1BDBB4}.Release|x86.Build.0 = Release|Win32
		{D566057D-6DE2-49A5-8D97-527A9D2809C0}.Debug|x64.ActiveCfg = Debug|x64
		{D566057D-6DE2-49A5-8D97-527A9D2809C0}.Debug|x64.Build.0 = Debug|x64
		{D566057D-6DE2-49A5-8D97-527A9D2809C0}.Debug|x86.ActiveCfg = Debug|Win32
		{D566057D-6DE2-49A5-8D97-527A9D2809C0}.Debug|x86.Build.0 = Debug|Win32
		{D566057D-6DE2-49A5-8D97-527A9D2809C0}.Release|x64.ActiveCfg = Release|x64
		{D566057D-6DE2-49A5-8D97-527A9D2809C0}.Release|x64.Build.0 = Release|x64
		{D566057D-6DE2-49A5-8D97-527A9D2809C0}.Release|x86.ActiveCfg = Release|Win32
		{D566057D-6DE2-49A5-8D97-527A9D2809C0}.Release|x86.Build.0 = Release|Win32
		{9D3137B6-8CA8-42D2-B8B5-0BCBD0E5DDEF}.Debug|x64.ActiveCfg = Debug|x64
		{9D3137B6-8CA8-42D2-B8B5-0BCBD0E5DDEF}.Debug|x64.Build.0 = Debug|x64
		{9D3137B6-8CA8-42D2-B8B5-0BCBD0E5DDEF}.Debug|x86.ActiveCfg = Debug|Win32
		{9D3137B6-8CA8-42D2-B8B5-0BCBD0E5DDEF}.Debug|x86.Build.0 = Debug|Win32
		{9D3137B6-8CA8-42D2-B8B5-0BCBD0E5DDEF}.Release|x64.ActiveCfg = Release|x64
		{9D3137B6-8CA8-42D2-B8B5-0BCBD0E5DDEF}.Release|x64.Build.0 = Release|x64
		{9D3137B6-8CA8-42D2-B8B5-0BCBD0E5DDEF}.Release|x86.ActiveCfg = Release|Win32
		{9D3137B6-8CA8-42D2-B8B5-0BCBD0E5DDEF}.Release|x86.Build.0 = Release|Win32
		{0EF2E043-779A-4FF9-B2C0-CFD5FE2CAA32}.Debug|x64.ActiveCfg = Debug|x64
		{0EF2E043-779A-4FF9-B2C0-CFD5FE2CAA32}.Debug|x64.Build.0 = Debug|x64
		{0EF2E043-779A-4FF9-B2C0-CFD5FE2CAA32}.Debug|x86.ActiveCfg = Debug|Win32
		{0EF2E043-779A-4FF9-B2C0-CFD5FE2CAA32}.Debug|x86.Build.0 = Debug|Win32
		{0EF2E043-779A-4FF9-B2C0-CFD5FE2CAA32}.Release|x64.ActiveCfg = Release|x64
		{0EF2E043-779A-4FF9-B2C0-CFD5FE2CAA32}.Release|x64.Build.0 = Release|x64
		{0EF2E043-779A-4FF9-B2C0-CFD5FE2CAA32}.Release|x86.ActiveCfg = Release|Win32
		{0EF2E043-779A-4FF9-B2C0-CFD5FE2CAA32}.Release|x86.Build.0 = Release|Win32
		{A979B04B-A7BD-4578-813C-C0F99751F720}.Debug|x64.ActiveCfg = Debug|x64
		{A979B04B-A7BD-4578-813C-C0F99751F720}.Debug|x64.Build.0 = Debug|x64
		{A979B04B-A7BD-4578-813C-C0F99751F720}.Debug|x86.ActiveCfg = Debug|Win32
		{A979B04B-A7BD-4578-813C-C0F99751F720}.Debug|x86.Build.0 = Debug|Win32
		{A979B04B-A7BD-4578-813C-C0F99751F720}.Release|x64.ActiveCfg = Release|x64
		{A979B04B-A7BD-4578-813C-C0F99751F720}.Release|x64.Build.0 = Release|x64
		{A979B04B-A7BD-4578-813C-C0F99751F720}.Release|x86.ActiveCfg = Release|Win32
		{A979B04B-A7BD-4578-813C-C0F99751F720}.Release|x86.Build.0 = Release|Win32
		{565CA7B8-D24E-43B7-8393-76DA39DEF139}.Debug|x64.ActiveCfg = Debug|x64
		{565CA7B8-D24E-43B7-8393-76DA39DEF139}.Debug|x64.Build.0 = Debug|x64
		{565CA7B8-D24E-43B7-8393-76DA39DEF139}.Debug|x86.ActiveCfg = Debug|Win32
		{565CA7B8-D24E-43B7-8393-76DA39DEF139}.Debug|x86.Build.0 = Debug|Win32
		{565CA7B8-D24E-43B7-8393-76DA39DEF139}.Release|x64.ActiveCfg = Release|x64
		{565CA7B8-D24E-43B7-8393-76DA39DEF139}.Release|x64.Build.0 = Release|x64
		{565CA7B8-D24E-43B7-8393-76DA39DEF139}.Release|x86.ActiveCfg = Release|Win32
		{565CA7B8-D24E-43B7-8393-76DA39DEF139}.Release|x86.Build.0 = Release|Win32
		{20FB3B8C-3194-4C58-B9D2-216B984F9698}.Debug|x64.ActiveCfg = Debug|x64
		{20FB3B8C-3194-4C58-B9D2-216B984F9698}.Debug|x64.Build.0 = Debug|x64
		{20FB3B8C-3194-4C58-B9D2-216B984F9698}.Debug|x86.ActiveCfg = Debug|Win32
		{20FB3B8C-3194-4C58-B9D2-216B984F9698}.Debug|x86.Build.0 = Debug|Win32
		{20FB3B8C-3194-4C58-B9D2-216B984F9698}.Release|x64.ActiveCfg = Release|x64
		{20FB3B8C-3194-4C58-B9D2-216B984F9698}.Release|x64.Build.0 = Release|x64
		{20FB3B8C-3194-4C58-B9D2-216B984F9698}.Release|x86.ActiveCfg = Release|Win32
		{20FB3B8C-3194-4C58-B9D2-216B984F9698}.Release|x86.Build.0 = Release|Win32
		{B511B5FD-A6DA-4DE8-8BCC-7D423BD8626E}.Debug|x64.ActiveCfg = Debug|x64
		{B511B5FD-A6DA-4DE8-8BCC-7D423BD8626E}.Debug|x64.Build.0 = Debug|x64
		{B511B5FD-A6DA-4DE8-8BCC-7D423BD8626E}.Debug|x86.ActiveCfg = Debug|Win32
		{B511B5FD-A6DA-4DE8-8BCC-7D423BD8626E}.Debug|x86.Build.0 = Debug|Win32
		{B511B5FD-A6DA-4DE8-8BCC-7D423BD8626E}.Release|x64.ActiveCfg = Release|x64
		{B511B5FD-A6DA-4DE8-8BCC-7D423BD8626E}.Release|x64.Build.0 = Release|x64
		{B511B5FD-A6DA-4DE8-8BCC-7D423BD8626E}.Release|x86.ActiveCfg = Release|Win32
		{B511B5FD-A6DA-4DE8-8BCC-7D423BD8626E}.Release|x86.Build.0 = Release|Win32
		{F3C4DF21-E8C1-46FD-A0E7-3575ABEDFA56}.Debug|x64.ActiveCfg = Debug|x64
		{F3C4DF21-E8C1-46FD-A0E7-3575ABEDFA56}.Debug|x64.Build.0 = Debug|x64
		{F3C4DF21-E8C1-46FD-A0E7-3575ABEDFA56}.Debug|x86.ActiveCfg = Debug|Win32
		{F3C4DF21-E8C1-46FD-A0E7-3575ABEDFA56}.Debug|x86.Build.0 = Debug|Win32
		{F3C4DF21-E8C1-46FD-A0E7-3575ABEDFA56}.Release|x64.ActiveCfg = Release|x64
		{F3C4DF21-E8C1-46FD-A0E7-3575ABEDFA56}.Release|x64.Build.0 = Release|x64
		{F3C4DF21-E8C1-46FD-A0E7-3575ABEDFA56}.Release|x86.ActiveCfg = Release|Win32
		{F3C4DF21-E8C1-46FD-A0E7-3575ABEDFA56}.Release|x86.Build.0 = Release|Win32
		{8F994AC3-129D-43C9-BA1C-E97EAD742EBF}.Debug|x64.ActiveCfg = Debug|x64
		{8F994AC3-129D-43C9-BA1C-E97EAD742EBF}.Debug|x64.Build.0 = Debug|x64
		{8F994AC3-129D-43C9-BA1C-E97EAD742EBF}.Debug|x86.ActiveCfg = Debug|Win32
		{8F994AC3-129D-43C9-BA1C-E97EAD742EBF}.Debug|x86.Build.0 = Debug|Win32
		{8F994AC3-129D-43C9-BA1C-E97EAD742EBF}.Release|x64.ActiveCfg = Release|x64
		{8F994AC3-129D-43C9-BA1C-E97EAD742EBF}.Release|x64.Build.0 = Release|x64
		{8F994AC3-129D-43C9-BA1C-E97EAD742EBF}.Release|x86.ActiveCfg = Release|Win32
		{8F994AC3-129D-43C9-BA1C-E97EAD742EBF}.Release|x86.Build.0 = Release|Win32
		{BED5FFD7-F682-4D93-8716-43EF1BE871EE}.Debug|x64.ActiveCfg = Debug|x64
		{BED5FFD7-F682-4D93-8716-43EF1BE871EE}.Debug|x64.Build.0 = Debug|x64
		{BED5FFD7-F682-4D93-8716-43EF1BE871EE}.Debug|x86.ActiveCfg = Debug|Win32
		{BED5FFD7-F682-4D93-8716-43EF1BE871EE}.Debug|x86.Build.0 = Debug|Win32
		{BED5FFD7-F682-4D93-8716-43EF1BE871EE}.Release|x64.ActiveCfg = Release|x64
		{BED5FFD7-F682-4D93-8716-43EF1BE871EE}.Release|x64.Build.0 = Release|x64
		{BED5FFD7-F682-4D93-8716-43EF1BE871EE}.Release|x86.ActiveCfg = Release|Win32
		{BED5FFD7-F682-4D93-8716-43EF1BE871EE}.Release|x86.Build.0 = Release|Win32
		{7890B80E-44F4-471E-97F0-3471489638B3}.Debug|x64.ActiveCfg = Debug|x64
		{7890B80E-44F4-471E-97F0-3471489638B3}.Debug|x64.Build.0 = Debug|x64
		{7890B80E-44F4-471E-97F0-3471489638B3}.Debug|x86.ActiveCfg = Debug|Win32
		{7890B80E-44F4-471E-97F0-3471489638B3}.Debug|x86.Build.0 = Debug|Win32
		{7890B80E-44F4-471E-97F0-3471489638B3}.Release|x64.ActiveCfg = Release|x64
		{7890B80E-44F4-471E-97F0-3471489638B3}.Release|x64.Build.0 = Release|x64
		{7890B80E-44F4-471E-97F0-3471489638B3}.Release|x86.ActiveCfg = Release|Win32
		{7890B80E-44F4-471E-97F0-3471489638B3}.Release|x86.Build.0 = Release|Win32
		{AC676261-0311-476F-854A-8FB0C2A93222}.Debug|x64.ActiveCfg = Debug|x64
		{AC676261-0311-476F-854A-8FB0C2A93222}.Debug|x64.Build.0 = Debug|x64
		{AC676261-0311-476F-854A-8FB0C2A93222}.Debug|x86.ActiveCfg = Debug|Win32
		{AC676261-0311-476F-854A-8FB0C2A93222}.Debug|x86.Build.0 = Debug|Win32
		{AC676261-0311-476F-854A-8FB0C2A93222}.Release|x64.ActiveCfg = Release|x64
		{AC676261-0311-476F-854A-8FB0C2A93222}.Release|x64.Build.0 = Release|x64
		{AC676261-0311-476F-854A-8FB0C2A93222}.Release|x86.ActiveCfg = Release|Win32
		{AC676261-0311-476F-854A-8FB0C2A93222}.Release|x86.Build.0 = Release|Win32
		{89662571-438A-489C-9630-0B2C1FC2323F}.Debug|x64.ActiveCfg = Debug|x64
		{89662571-438A-489C-9630-0B2C1FC2323F}.Debug|x64.Build.0 = Debug|x64
		{89662571-438A-489C-9630-0B2C1FC2323F}.Debug|x86.ActiveCfg = Debug|Win32
		{89662571-438A-489C-9630-0B2C1FC2323F}.Debug|x86.Build.0 = Debug|Win32
		{89662571-438A-489C-9630-0B2C1FC2323F}.Release|x64.ActiveCfg = Release|x64
		{89662571-438A-489C-9630-0B2C1FC2323F}.Release|x64.Build.0 = Release|x64
		{89662571-438A-489C-9630-0B2C1FC2323F}.Release|x86.ActiveCfg = Release|Win32
		{89662571-438A-489C-9630-0B2C1FC2323F}.Release|x86.Build.0 = Release|Win32
		{AF3241E1-23F9-4FC2-AEE2-E642A72AA196}.Debug|x64.ActiveCfg = Debug|x64
		{AF3241E1-23F9-4FC2-AEE2-E642A72AA196}.Debug|x64.Build.0 = Debug|x64
		{AF3241E1-23F9-4FC2-AEE2-E642A72AA196}.Debug|x86.ActiveCfg = Debug|Win32
		{AF3241E1-23F9-4FC2-AEE2-E642A72AA196}.Debug|x86.Build.0 = Debug|Win32
		{AF3241E1-23F9-4FC2-AEE2-E642A72AA196}.Release|x64.ActiveCfg = Release|x64
		{AF3241E1-23F9-4FC2-AEE2-E642A72AA196}.Release|x64.Build.0 = Release|x64
		{AF3241E1-23F9-4FC2-AEE2-E642A72AA196}.Release|x86.ActiveCfg = Release|Win32
		{AF3241E1-23F9-4FC2-AEE2-E642A72AA196}.Release|x86.Build.0 = Release|Win32
		{E9B3B527-5CEE-4F49-9C28-FD71613C4BB0}.Debug|x64.ActiveCfg = Debug|x64
		{E9B3B527-5CEE-4F49-9C28-FD71613C4BB0}.Debug|x64.Build.0 = Debug|x64
		{E9B3B527-5CEE-4F49-9C28-FD71613C4BB0}.Debug|x86.ActiveCfg = Debug|Win32
		{E9B3B527-5CEE-4F49-9C28-FD71613C4BB0}.Debug|x86.Build.0 = Debug|Win32
		{E9B3B527-5CEE-4F49-9C28-FD71613C4BB0}.Release|x64.ActiveCfg = Release|x64
		{E9B3B527-5CEE-4F49-9C28-FD71613C4BB0}.Release|x64.Build.0 = Release|x64
		{E9B3B527-5CEE-4F49-9C28-FD71613C4BB0}.Release|x86.ActiveCfg = Release|Win32
		{E9B3B527-5CEE-4F49-9C28-FD71613C4BB0}.Release|x86.Build.0 = Release|Win32
		{4A672AEF-A9E7-4494-9989-7C8ECC478084}.Debug|x64.ActiveCfg = Debug|x64
		{4A672AEF-A9E7-4494-9989-7C8ECC478084}.Debug|x64.Build.0 = Debug|x64
		{4A672AEF-A9E7-4494-9989-7C8ECC478084}.Debug|x86.ActiveCfg = Debug|Win32
		{4A672AEF-A9E7-4494-9989-7C8ECC478084}.Debug|x86.Build.0 = Debug|Win32
		{4A672AEF-A9E7-4494-9989-7C8ECC478084}.Release|x64.ActiveCfg = Release|x64
		{4A672AEF-A9E7-4494-9989-7C8ECC478084}.Release|x64.Build.0 = Release|x64
		{4A672AEF-A9E7-4494-9989-7C8ECC478084}.Release|x86.ActiveCfg = Release|Win32
		{4A672AEF-A9E7-4494-9989-7C8ECC478084}.Release|x86.Build.0 = Release|Win32
		{F89C5B2C-F47C-41B0-B314-D4D5275DA717}.Debug|x64.ActiveCfg = Debug|x64
		{F89C5B2C-F47C-41B0-B314-D4D5275DA717}.Debug|x64.Build.0 = Debug|x64
		{F89C5B2C-F47C-41B0-B314-D4D5275DA717}.Debug|x86.ActiveCfg = Debug|Win32
		{F89C5B2C-F47C-41B0-B314-D4D5275DA717}.Debug|x86.Build.0 = Debug|Win32
		{F89C5B2C-F47C-41B0-B314-D4D5275DA717}.Release|x64.ActiveCfg = Release|x64
		{F89C5B2C-F47C-41B0-B314-D4D5275DA717}.Release|x64.Build.0 = Release|x64
		{F89C5B2C-F47C-41B0-B314-D4D5275DA717}.Release|x86.ActiveCfg = Release|Win32
		{F89C5B2C-F47C-41B0-B314-D4D5275DA717}.Release|x86.Build.0 = Release|Win32
		{0A4049FC-7CD1-45BF-BC9C-027B0D4D03F5}.Debug|x64.ActiveCfg = Debug|x64
		{0A4049FC-7CD1-45BF-BC9C-027B0D4D03F5}.Debug|x64.Build.0 = Debug|x64
		{0A4049FC-7CD1-45BF-BC9C-027B0D4D03F5}.Debug|x86.ActiveCfg = Debug|Win32
		{0A4049FC-7CD1-45BF-BC9C-027B0D4D03F5}.Debug|x86.Build.0 = Debug|Win32
		{0A4049FC-7CD1-45BF-BC9C-027B0D4D03F5}.Release|x64.ActiveCfg = Release|x64
		{0A4049FC-7CD1-45BF-BC9C-027B0D4D03F5}.Release|x64.Build.0 = Release|x64
		{0A4049FC-7CD1-45BF-BC9C-027B0D4D03F5}.Release|x86.ActiveCfg = Release|Win32
		{0A4049FC-7CD1-45BF-BC9C-027B0D4D03F5}.Release|x86.Build.0 = Release|Win32
		{C65D0334-AE07-486B-B888-552855B14615}.Debug|x64.ActiveCfg = Debug|x64
		{C65D0334-AE07-486B-B888-552855B14615}.Debug|x64.Build.0 = Debug|x64
		{C65D0334-AE07-486B-B888-552855B14615}.Debug|x86.ActiveCfg = Debug|Win32
		{C65D0334-AE07-486B-B888-552855B14615}.Debug|x86.Build.0 = Debug|Win32
		{C65D0334-AE07-486B-B888-552855B14615}.Release|x64.ActiveCfg = Release|x64
		{C65D0334-AE07-486B-B888-552855B14615}.Release|x64.Build.0 = Release|x64
		{C65D0334-AE07-486B-B888-552855B14615}.Release|x86.ActiveCfg = Release|Win32
		{C65D0334-AE07-486B-B888-552855B14615}.Release|x86.Build.0 = Release|Win32
		{EF2CF329-8B54-43D3-93BA-DB936019DEEE}.Debug|x64.ActiveCfg = Debug|x64
		{EF2CF329-8B54-43D3-93BA-DB936019DEEE}.Debug|x64.Build.0 = Debug|x64
		{EF2CF329-8B54-43D3-93BA-DB936019DEEE}.Debug|x86.ActiveCfg = Debug|Win32
		{EF2CF329-8B54-43D3-93BA-DB936019DEEE}.Debug|x86.Build.0 = Debug|Win32
		{EF2CF329-8B54-43D3-93BA-DB936019DEEE}.Release|x64.ActiveCfg = Release|x64
		{EF2CF329-8B54-43D3-93BA-DB936019DEEE}.Release|x64.Build.0 = Release|x64
		{EF2CF329-8B54-43D3-93BA-DB936019DEEE}.Release|x86.ActiveCfg = Release|Win32
		{EF2CF329-8B54-43D3-93BA-DB936019DEEE}.Release|x86.Build.0 = Release|Win32
		{98617CA6-FE41-4536-94F6-159046E15AD9}.Debug|x64.ActiveCfg = Debug|x64
		{98617CA6-FE41-4536-94F6-159046E15AD9}.Debug|x64.Build.0 = Debug|x64
		{98617CA6-FE41-4536-94F6-159046E15AD9}.Debug|x86.ActiveCfg = Debug|Win32
		{98617CA6-FE41-4536-94F6-159046E15AD9}.Debug|x86.Build.0 = Debug|Win32
		{98617CA6-FE41-4536-94F6-159046E15AD9}.Release|x64.ActiveCfg = Release|x64
		{98617CA6-FE41-4536-94F6-159046E15AD9}.Release|x64.Build.0 = Release|x64
		{98617CA6-FE41-4536-94F6-159046E15AD9}.Release|x86.ActiveCfg = Release|Win32
		{98617CA6-FE41-4536-94F6-159046E15AD9}.Release|x86.Build.0 = Release|Win32
		{79856596-F8A4-4DC6-9DED-E2B997BA95C0}.Debug|x64.ActiveCfg = Debug|x64
		{79856596-F8A4-4DC6-9DED-E2B997BA95C0}.Debug|x64.Build.0 = Debug|x64
		{79856596-F8A4-4DC6-9DED-E2B997BA95C0}.Debug|x86.ActiveCfg = Debug|Win32
		{79856596-F8A4-4DC6-9DED-E2B997BA95C0}.Debug|x86.Build.0 = Debug|Win32
		{79856596-F8A4-4DC6-9DED-E2B997BA95C0}.Release|x64.ActiveCfg = Release|x64
		{79856596-F8A4-4DC6-9DED-E2B997BA95C0}.Release|x64.Build.0 = Release|x64
		{79856596-F8A4-4DC6-9DED-E2B997BA95C0}.Release|x86.ActiveCfg = Release|Win32
		{79856596-F8A4-4DC6-9DED-E2B997BA95C0}.Release|x86.Build.0 = Release|Win32
		{93195BAC-00A3-49B3-A979-74F124D4C6A0}.Debug|x64.ActiveCfg = Debug|x64
		{93195BAC-00A3-49B3-A979-74F124D4C6A0}.Debug|x64.Build.0 = Debug|x64
		{93195BAC-00A3-49B3-A979-74F124D4C6A0}.Debug|x86.ActiveCfg = Debug|Win32
		{93195BAC-00A3-49B3-A979-74F124D4C6A0}.Debug|x86.Build.0 = Debug|Win32
		{93195BAC-00A3-49B3-A979-74F124D4C6A0}.Release|x64.ActiveCfg = Release|x64
		{93195BAC-00A3-49B3-A979-74F124D4C6A0}.Release|x64.Build.0 = Release|x64
		{93195BAC-00A3-49B3-A979-74F124D4C6A0}.Release|x86.ActiveCfg = Release|Win32
		{93195BAC-00A3-49B3-A979-74F124D4C6A0}.Release|x86.Build.0 = Release|Win32
		{9AF6BEC7-D3AE-4CED-B301-A3FBD819F7F2}.Debug|x64.ActiveCfg = Debug|x64
		{9AF6BEC7-D3AE-4CED-B301-A3FBD819F7F2}.Debug|x64.Build.0 = Debug|x64
		{9AF6BEC7-D3AE-4CED-B301-A3FBD819F7F2}.Debug|x86.ActiveCfg = Debug|Win32
		{9AF6BEC7-D3AE-4CED-B301-A3FBD819F7F2}.Debug|x86.Build.0 = Debug|Win32
		{9AF6BEC7-D3AE-4CED-B301-A3FBD819F7F2}.Release|x64.ActiveCfg = Release|x64
		{9AF6BEC7-D3AE-4CED-B301-A3FBD819F7F2}.Release|x64.Build.0 = Release|x64
		{9AF6BEC7-D3AE-4CED-B301-A3FBD819F7F2}.Release|x86.ActiveCfg = Release|Win32
		{9AF6BEC7-D3AE-4CED-B301-A3FBD819F7F2}.Release|x86.Build.0 = Release|Win32
		{4F3D4EBC-8636-4552-8A43-3A8405AF1C97}.Debug|x64.ActiveCfg = Debug|x64
		{4F3D4EBC-8636-4552-8A43-3A8405AF1C97}.Debug|x64.Build.0 = Debug|x64
		{4F3D4EBC-8636-4552-8A43-3A8405AF1C97}.Debug|x86.ActiveCfg = Debug|Win32
		{4F3D4EBC-8636-4552-8A43-3A8405AF1C97}.Debug|x86.Build.0 = Debug|Win32
		{4F3D4EBC-8636-4552-8A43-3A8405AF1C97}.Release|x64.ActiveCfg = Release|x64
		{4F3D4EBC-8636-4552-8A43-3A8405AF1C97}.Release|x64.Build.0 = Release|x64
		{4F3D4EBC-8636-4552-8A43-3A8405AF1C97}.Release|x86.ActiveCfg = Release|Win32
		{4F3D4EBC-8636-4552-8A43-3A8405AF1C97}.Release|x86.Build.0 = Release|Win32
		{8A4A5BBC-93C6-4815-A40C-ACA222FB7F78}.Debug|x64.ActiveCfg = Debug|x64
		{8A4A5BBC-93C6-4815-A40C-ACA222FB7F78}.Debug|x64.Build.0 = Debug|x64
		{8A4A5BBC-93C6-4815-A40C-ACA222FB7F78}.Debug|x86.ActiveCfg = Debug|Win32
		{8A4A5BBC-93C6-4815-A40C-ACA222FB7F78}.Debug|x86.Build.0 = Debug|Win32
		{8A4A5BBC-93C6-4815-A40C-ACA222FB7F78}.Release|x64.ActiveCfg = Release|x64
		{8A4A5BBC-93C6-4815-A40C-ACA222FB7F78}.Release|x64.Build.0 = Release|x64
		{8A4A5BBC-93C6-4815-A40C-ACA222FB7F78}.Release|x86.ActiveCfg = Release|Win32
		{8A4A5BBC-93C6-4815-A40C-ACA222FB7F78}.Release|x86.Build.0 = Release|Win32
	EndGlobalSection
	GlobalSection(SolutionProperties) = preSolution
		HideSolutionNode = FALSE
	EndGlobalSection
	GlobalSection(NestedProjects) = preSolution
		{0F4F8862-41DA-4F42-9616-EDA8238FF6B7} = {40A2331B-EDC1-464B-AF48-CF0EC6B32A85}
		{C3B24E44-2CA5-437E-9D08-A9612E3EC2EF} = {40A2331B-EDC1-464B-AF48-CF0EC6B32A85}
		{50EA4F46-0D6B-48F7-B87F-50201098894D} = {40A2331B-EDC1-464B-AF48-CF0EC6B32A85}
		{A7B79513-CCAB-48EB-ABAE-C15BAD159534} = {40A2331B-EDC1-464B-AF48-CF0EC6B32A85}
		{53DAE8A8-8F4A-4401-A940-A805F5939BC0} = {40A2331B-EDC1-464B-AF48-CF0EC6B32A85}
		{3A469B08-DA39-496B-B6C7-8DE900A488D8} = {40A2331B-EDC1-464B-AF48-CF0EC6B32A85}
		{411953C1-C08D-47CC-B130-3C7F0D96F021} = {1146B971-21B6-49CD-B5FB-81EB80C0110F}
		{429838FC-A17D-4F4B-98FA-A266C5B54989} = {E8187F9D-ADD9-41D3-BADA-EA90D557993E}
		{1146B971-21B6-49CD-B5FB-81EB80C0110F} = {CF597A07-4F99-47CF-9366-7D7DEFA47D9D}
		{6BB3B2EF-5189-420D-A68E-455198931FA5} = {1146B971-21B6-49CD-B5FB-81EB80C0110F}
		{CCE9AE34-7A42-41F2-A8FF-392E5A94243D} = {429838FC-A17D-4F4B-98FA-A266C5B54989}
		{E922DA4B-B1FE-4A2C-8AB1-A95EB694CBEF} = {429838FC-A17D-4F4B-98FA-A266C5B54989}
		{F03FE2FA-F4A5-47B4-9EA9-0168DC25225A} = {2EEE9DFC-FCD9-498F-B5AD-9A318408542E}
		{E30C822E-0477-421A-AB58-3373FD5E9B7E} = {F03FE2FA-F4A5-47B4-9EA9-0168DC25225A}
		{92D66024-B967-44D3-B7DE-2E757B279DCD} = {F03FE2FA-F4A5-47B4-9EA9-0168DC25225A}
		{B9550BFB-EB01-4C64-97BE-0260A2D762AA} = {E30C822E-0477-421A-AB58-3373FD5E9B7E}
		{CDD6DF5E-E62E-4FC6-BD5C-D855D06AB27C} = {E30C822E-0477-421A-AB58-3373FD5E9B7E}
		{D7071B75-F1FF-4396-9BD7-9F76648B6210} = {F03FE2FA-F4A5-47B4-9EA9-0168DC25225A}
		{A01340E0-A94F-4AFD-98A2-EC6C6F59C088} = {D7071B75-F1FF-4396-9BD7-9F76648B6210}
		{68D0BD3C-80CA-4FD0-8EC4-76A7EE1BDBB4} = {D7071B75-F1FF-4396-9BD7-9F76648B6210}
		{D566057D-6DE2-49A5-8D97-527A9D2809C0} = {A2E40860-825C-48AC-A173-F10B3B71D4C3}
		{9D3137B6-8CA8-42D2-B8B5-0BCBD0E5DDEF} = {A2E40860-825C-48AC-A173-F10B3B71D4C3}
		{A2E40860-825C-48AC-A173-F10B3B71D4C3} = {F03FE2FA-F4A5-47B4-9EA9-0168DC25225A}
		{0EF2E043-779A-4FF9-B2C0-CFD5FE2CAA32} = {351D9EA6-3D46-4186-A470-E34E10D50103}
		{351D9EA6-3D46-4186-A470-E34E10D50103} = {F03FE2FA-F4A5-47B4-9EA9-0168DC25225A}
		{A979B04B-A7BD-4578-813C-C0F99751F720} = {351D9EA6-3D46-4186-A470-E34E10D50103}
		{AC32B0FB-81EF-44E8-9E8F-5A0D4B61C31C} = {CCDE7EFD-85E0-4B5A-85D7-EF59DD0CFC05}
		{F1D86DD9-F0AC-48A5-B022-FF8398FDAD8A} = {CCDE7EFD-85E0-4B5A-85D7-EF59DD0CFC05}
		{565CA7B8-D24E-43B7-8393-76DA39DEF139} = {D7BACF3A-F921-4C4A-B841-BED2E8E9B30E}
		{20FB3B8C-3194-4C58-B9D2-216B984F9698} = {D7BACF3A-F921-4C4A-B841-BED2E8E9B30E}
		{D7BACF3A-F921-4C4A-B841-BED2E8E9B30E} = {2EEE9DFC-FCD9-498F-B5AD-9A318408542E}
		{B511B5FD-A6DA-4DE8-8BCC-7D423BD8626E} = {D7BACF3A-F921-4C4A-B841-BED2E8E9B30E}
		{F3C4DF21-E8C1-46FD-A0E7-3575ABEDFA56} = {417B1794-0CBC-4AC3-910F-1C92630EFF34}
		{8F994AC3-129D-43C9-BA1C-E97EAD742EBF} = {417B1794-0CBC-4AC3-910F-1C92630EFF34}
		{BED5FFD7-F682-4D93-8716-43EF1BE871EE} = {417B1794-0CBC-4AC3-910F-1C92630EFF34}
		{7890B80E-44F4-471E-97F0-3471489638B3} = {417B1794-0CBC-4AC3-910F-1C92630EFF34}
		{AC676261-0311-476F-854A-8FB0C2A93222} = {E8187F9D-ADD9-41D3-BADA-EA90D557993E}
		{89662571-438A-489C-9630-0B2C1FC2323F} = {AC32B0FB-81EF-44E8-9E8F-5A0D4B61C31C}
		{AF3241E1-23F9-4FC2-AEE2-E642A72AA196} = {F1D86DD9-F0AC-48A5-B022-FF8398FDAD8A}
		{40A2331B-EDC1-464B-AF48-CF0EC6B32A85} = {CF597A07-4F99-47CF-9366-7D7DEFA47D9D}
		{E9B3B527-5CEE-4F49-9C28-FD71613C4BB0} = {92D66024-B967-44D3-B7DE-2E757B279DCD}
		{4A672AEF-A9E7-4494-9989-7C8ECC478084} = {92D66024-B967-44D3-B7DE-2E757B279DCD}
		{F89C5B2C-F47C-41B0-B314-D4D5275DA717} = {40A2331B-EDC1-464B-AF48-CF0EC6B32A85}
		{7DC92428-15F2-42C5-A86A-869AE7DEDBF1} = {E8187F9D-ADD9-41D3-BADA-EA90D557993E}
		{0A4049FC-7CD1-45BF-BC9C-027B0D4D03F5} = {7DC92428-15F2-42C5-A86A-869AE7DEDBF1}
		{C65D0334-AE07-486B-B888-552855B14615} = {8BCD2791-7951-485E-8506-95EEC8D62C37}
		{EF2CF329-8B54-43D3-93BA-DB936019DEEE} = {AC32B0FB-81EF-44E8-9E8F-5A0D4B61C31C}
		{98617CA6-FE41-4536-94F6-159046E15AD9} = {AC32B0FB-81EF-44E8-9E8F-5A0D4B61C31C}
		{79856596-F8A4-4DC6-9DED-E2B997BA95C0} = {8BCD2791-7951-485E-8506-95EEC8D62C37}
		{93195BAC-00A3-49B3-A979-74F124D4C6A0} = {8BCD2791-7951-485E-8506-95EEC8D62C37}
		{9AF6BEC7-D3AE-4CED-B301-A3FBD819F7F2} = {8BCD2791-7951-485E-8506-95EEC8D62C37}
		{4F3D4EBC-8636-4552-8A43-3A8405AF1C97} = {8BCD2791-7951-485E-8506-95EEC8D62C37}
		{8A4A5BBC-93C6-4815-A40C-ACA222FB7F78} = {8BCD2791-7951-485E-8506-95EEC8D62C37}
	EndGlobalSection
	GlobalSection(ExtensibilityGlobals) = postSolution
		SolutionGuid = {C783B8AB-C125-4BDA-BEA0-3C3FC656A862}
	EndGlobalSection
EndGlobal
