<?xml version="1.0" encoding="utf-8"?>
<Project ToolsVersion="4.0" xmlns="http://schemas.microsoft.com/developer/msbuild/2003">
  <ItemGroup>
    <ClCompile Include="Obj2D.cpp">
      <Filter>obj</Filter>
    </ClCompile>
    <ClCompile Include="Obj3D.cpp">
      <Filter>obj</Filter>
    </ClCompile>
    <ClCompile Include="ObjMgr.cpp">
      <Filter>mgr</Filter>
    </ClCompile>
    <ClCompile Include="ShaderMgr.cpp">
      <Filter>mgr</Filter>
    </ClCompile>
    <ClCompile Include="SoundMgr.cpp">
      <Filter>mgr</Filter>
    </ClCompile>
    <ClCompile Include="TexturerMgr.cpp">
      <Filter>mgr</Filter>
    </ClCompile>
    <ClCompile Include="BaseMgr.cpp">
      <Filter>mgr</Filter>
    </ClCompile>
    <ClCompile Include="Core.cpp">
      <Filter>core</Filter>
    </ClCompile>
    <ClCompile Include="Device.cpp">
      <Filter>core</Filter>
    </ClCompile>
    <ClCompile Include="DxState.cpp">
      <Filter>core</Filter>
    </ClCompile>
    <ClCompile Include="Input.cpp">
      <Filter>core</Filter>
    </ClCompile>
    <ClCompile Include="Timer.cpp">
      <Filter>core</Filter>
    </ClCompile>
    <ClCompile Include="Window.cpp">
      <Filter>core</Filter>
    </ClCompile>
    <ClCompile Include="World.cpp">
      <Filter>core</Filter>
    </ClCompile>
    <ClCompile Include="WriteFont.cpp">
      <Filter>core</Filter>
    </ClCompile>
    <ClCompile Include="TVector3.cpp">
      <Filter>math</Filter>
    </ClCompile>
    <ClCompile Include="TVector2.cpp">
      <Filter>math</Filter>
    </ClCompile>
    <ClCompile Include="TMatrix.cpp">
      <Filter>math</Filter>
    </ClCompile>
    <ClCompile Include="TMath.cpp">
      <Filter>math</Filter>
    </ClCompile>
    <ClCompile Include="Map.cpp">
      <Filter>map</Filter>
    </ClCompile>
    <ClCompile Include="Quadtree.cpp">
      <Filter>map</Filter>
    </ClCompile>
    <ClCompile Include="SCamera.cpp">
      <Filter>camera</Filter>
    </ClCompile>
    <ClCompile Include="SFrustum.cpp">
      <Filter>camera</Filter>
    </ClCompile>
    <ClCompile Include="DxObj.cpp">
      <Filter>obj</Filter>
    </ClCompile>
    <ClCompile Include="Collision.cpp">
      <Filter>math</Filter>
    </ClCompile>
    <ClCompile Include="PlaneObj.cpp">
      <Filter>obj</Filter>
    </ClCompile>
    <ClCompile Include="SkyObj.cpp">
      <Filter>obj</Filter>
    </ClCompile>
    <ClCompile Include="BoxObj.cpp">
      <Filter>obj</Filter>
    </ClCompile>
    <ClCompile Include="Node.cpp">
      <Filter>map</Filter>
    </ClCompile>
    <ClCompile Include="SFbxImporter.cpp">
      <Filter>fbx</Filter>
    </ClCompile>
    <ClCompile Include="SFbxModel.cpp">
      <Filter>fbx</Filter>
    </ClCompile>
  </ItemGroup>
  <ItemGroup>
    <ClInclude Include="Obj2D.h">
      <Filter>obj</Filter>
    </ClInclude>
    <ClInclude Include="Obj3D.h">
      <Filter>obj</Filter>
    </ClInclude>
    <ClInclude Include="ObjMgr.h">
      <Filter>mgr</Filter>
    </ClInclude>
    <ClInclude Include="ShaderMgr.h">
      <Filter>mgr</Filter>
    </ClInclude>
    <ClInclude Include="SoundMgr.h">
      <Filter>mgr</Filter>
    </ClInclude>
    <ClInclude Include="TextureMgr.h">
      <Filter>mgr</Filter>
    </ClInclude>
    <ClInclude Include="BaseMgr.h">
      <Filter>mgr</Filter>
    </ClInclude>
    <ClInclude Include="TVector3.h">
      <Filter>math</Filter>
    </ClInclude>
    <ClInclude Include="TVector2.h">
      <Filter>math</Filter>
    </ClInclude>
    <ClInclude Include="Core.h">
      <Filter>core</Filter>
    </ClInclude>
    <ClInclude Include="Device.h">
      <Filter>core</Filter>
    </ClInclude>
    <ClInclude Include="DxState.h">
      <Filter>core</Filter>
    </ClInclude>
    <ClInclude Include="Input.h">
      <Filter>core</Filter>
    </ClInclude>
    <ClInclude Include="Timer.h">
      <Filter>core</Filter>
    </ClInclude>
    <ClInclude Include="Window.h">
      <Filter>core</Filter>
    </ClInclude>
    <ClInclude Include="World.h">
      <Filter>core</Filter>
    </ClInclude>
    <ClInclude Include="WriteFont.h">
      <Filter>core</Filter>
    </ClInclude>
    <ClInclude Include="STD.h" />
    <ClInclude Include="TMatrix.h">
      <Filter>math</Filter>
    </ClInclude>
    <ClInclude Include="TMath.h">
      <Filter>math</Filter>
    </ClInclude>
    <ClInclude Include="Map.h">
      <Filter>map</Filter>
    </ClInclude>
    <ClInclude Include="Quadtree.h">
      <Filter>map</Filter>
    </ClInclude>
    <ClInclude Include="SCamera.h">
      <Filter>camera</Filter>
    </ClInclude>
    <ClInclude Include="SFrustum.h">
      <Filter>camera</Filter>
    </ClInclude>
    <ClInclude Include="DxObj.h">
      <Filter>obj</Filter>
    </ClInclude>
    <ClInclude Include="SkyObj.h">
      <Filter>obj</Filter>
    </ClInclude>
    <ClInclude Include="PlaneObj.h">
      <Filter>obj</Filter>
    </ClInclude>
    <ClInclude Include="BoxObj.h">
      <Filter>obj</Filter>
    </ClInclude>
    <ClInclude Include="Node.h">
      <Filter>map</Filter>
    </ClInclude>
    <ClInclude Include="SFbxImporter.h">
      <Filter>fbx</Filter>
    </ClInclude>
    <ClInclude Include="SFbxModel.h">
      <Filter>fbx</Filter>
    </ClInclude>
    <ClInclude Include="Collision.h">
      <Filter>math</Filter>
    </ClInclude>
  </ItemGroup>
  <ItemGroup>
    <Filter Include="mgr">
      <UniqueIdentifier>{bfeba18c-9ee7-42c2-81df-bf5c9e9e916a}</UniqueIdentifier>
    </Filter>
    <Filter Include="math">
      <UniqueIdentifier>{b049c4ca-3248-4edf-bac7-ba6d22455864}</UniqueIdentifier>
    </Filter>
    <Filter Include="obj">
      <UniqueIdentifier>{555b2f1c-d59f-4958-9ba1-f956cb94178e}</UniqueIdentifier>
    </Filter>
    <Filter Include="core">
      <UniqueIdentifier>{05e25f70-8d5b-4532-a290-7c57a62e6ba4}</UniqueIdentifier>
    </Filter>
    <Filter Include="camera">
      <UniqueIdentifier>{ed47772f-5b11-48ae-b8b8-8e3746bd1999}</UniqueIdentifier>
    </Filter>
    <Filter Include="shader">
      <UniqueIdentifier>{625f9c77-4a76-46ed-a552-6eb2b3895598}</UniqueIdentifier>
    </Filter>
    <Filter Include="map">
      <UniqueIdentifier>{16ceddbd-cdf7-48b0-9d6b-1f22c9e4b728}</UniqueIdentifier>
    </Filter>
    <Filter Include="fbx">
      <UniqueIdentifier>{9d5b7b6f-61c2-4a91-b661-832f786f0d38}</UniqueIdentifier>
    </Filter>
  </ItemGroup>
  <ItemGroup>
    <FxCompile Include="Box.hlsl">
      <Filter>shader</Filter>
    </FxCompile>
    <FxCompile Include="map.hlsl">
      <Filter>shader</Filter>
    </FxCompile>
    <FxCompile Include="sky.hlsl">
      <Filter>shader</Filter>
    </FxCompile>
    <FxCompile Include="Character.hlsl">
      <Filter>shader</Filter>
    </FxCompile>
  </ItemGroup>
</Project>