<?xml version="1.0" encoding="utf-8"?>
<Project ToolsVersion="4.0" xmlns="http://schemas.microsoft.com/developer/msbuild/2003">
  <ItemGroup>
    <ClCompile Include="Obj2D.cpp">
      <Filter>obj</Filter>
    </ClCompile>
    <ClCompile Include="Obj3D.cpp">
      <Filter>obj</Filter>
    </ClCompile>
    <ClCompile Include="ObjMgr.cpp">
      <Filter>mgr</Filter>
    </ClCompile>
    <ClCompile Include="ShaderMgr.cpp">
      <Filter>mgr</Filter>
    </ClCompile>
    <ClCompile Include="SoundMgr.cpp">
      <Filter>mgr</Filter>
    </ClCompile>
    <ClCompile Include="TexturerMgr.cpp">
      <Filter>mgr</Filter>
    </ClCompile>
    <ClCompile Include="BaseMgr.cpp">
      <Filter>mgr</Filter>
    </ClCompile>
    <ClCompile Include="Math::Matrix.cpp">
      <Filter>math</Filter>
    </ClCompile>
    <ClCompile Include="Math::Vector2.cpp">
      <Filter>math</Filter>
    </ClCompile>
    <ClCompile Include="Math::Vector3.cpp">
      <Filter>math</Filter>
    </ClCompile>
    <ClCompile Include="Collision.cpp">
      <Filter>core</Filter>
    </ClCompile>
    <ClCompile Include="Core.cpp">
      <Filter>core</Filter>
    </ClCompile>
    <ClCompile Include="Device.cpp">
      <Filter>core</Filter>
    </ClCompile>
    <ClCompile Include="DxObj.cpp">
      <Filter>core</Filter>
    </ClCompile>
    <ClCompile Include="DxState.cpp">
      <Filter>core</Filter>
    </ClCompile>
    <ClCompile Include="Input.cpp">
      <Filter>core</Filter>
    </ClCompile>
    <ClCompile Include="Timer.cpp">
      <Filter>core</Filter>
    </ClCompile>
    <ClCompile Include="Window.cpp">
      <Filter>core</Filter>
    </ClCompile>
    <ClCompile Include="World.cpp">
      <Filter>core</Filter>
    </ClCompile>
    <ClCompile Include="WriteFont.cpp">
      <Filter>core</Filter>
    </ClCompile>
  </ItemGroup>
  <ItemGroup>
    <ClInclude Include="Obj2D.h">
      <Filter>obj</Filter>
    </ClInclude>
    <ClInclude Include="Obj3D.h">
      <Filter>obj</Filter>
    </ClInclude>
    <ClInclude Include="ObjMgr.h">
      <Filter>mgr</Filter>
    </ClInclude>
    <ClInclude Include="ShaderMgr.h">
      <Filter>mgr</Filter>
    </ClInclude>
    <ClInclude Include="SoundMgr.h">
      <Filter>mgr</Filter>
    </ClInclude>
    <ClInclude Include="TextureMgr.h">
      <Filter>mgr</Filter>
    </ClInclude>
    <ClInclude Include="BaseMgr.h">
      <Filter>mgr</Filter>
    </ClInclude>
    <ClInclude Include="Math::Matrix.h">
      <Filter>math</Filter>
    </ClInclude>
    <ClInclude Include="Vector3.h">
      <Filter>math</Filter>
    </ClInclude>
    <ClInclude Include="Vector2.h">
      <Filter>math</Filter>
    </ClInclude>
    <ClInclude Include="Collision.h">
      <Filter>core</Filter>
    </ClInclude>
    <ClInclude Include="Core.h">
      <Filter>core</Filter>
    </ClInclude>
    <ClInclude Include="Device.h">
      <Filter>core</Filter>
    </ClInclude>
    <ClInclude Include="DxObj.h">
      <Filter>core</Filter>
    </ClInclude>
    <ClInclude Include="DxState.h">
      <Filter>core</Filter>
    </ClInclude>
    <ClInclude Include="Input.h">
      <Filter>core</Filter>
    </ClInclude>
    <ClInclude Include="Timer.h">
      <Filter>core</Filter>
    </ClInclude>
    <ClInclude Include="Window.h">
      <Filter>core</Filter>
    </ClInclude>
    <ClInclude Include="World.h">
      <Filter>core</Filter>
    </ClInclude>
    <ClInclude Include="WriteFont.h">
      <Filter>core</Filter>
    </ClInclude>
    <ClInclude Include="STD.h" />
  </ItemGroup>
  <ItemGroup>
    <Filter Include="mgr">
      <UniqueIdentifier>{bfeba18c-9ee7-42c2-81df-bf5c9e9e916a}</UniqueIdentifier>
    </Filter>
    <Filter Include="math">
      <UniqueIdentifier>{b049c4ca-3248-4edf-bac7-ba6d22455864}</UniqueIdentifier>
    </Filter>
    <Filter Include="obj">
      <UniqueIdentifier>{555b2f1c-d59f-4958-9ba1-f956cb94178e}</UniqueIdentifier>
    </Filter>
    <Filter Include="core">
      <UniqueIdentifier>{05e25f70-8d5b-4532-a290-7c57a62e6ba4}</UniqueIdentifier>
    </Filter>
  </ItemGroup>
</Project>